{
  "lockfile_version": "1",
  "packages": {
    "cmake@3.30.5": {
      "last_modified": "2024-12-23T21:10:33Z",
      "resolved": "github:NixOS/nixpkgs/de1864217bfa9b5845f465e771e0ecb48b30e02d#cmake",
      "source": "devbox-search",
      "version": "3.30.5",
      "systems": {
        "aarch64-darwin": {
          "outputs": [
            {
              "name": "out",
              "path": "/nix/store/x8qyfphi04lhj621if89f8il33v9dnny-cmake-3.30.5",
              "default": true
            }
          ],
          "store_path": "/nix/store/x8qyfphi04lhj621if89f8il33v9dnny-cmake-3.30.5"
        },
        "aarch64-linux": {
          "outputs": [
            {
              "name": "out",
              "path": "/nix/store/cgw86xcgai718dlql36z7jvp1pwq610c-cmake-3.30.5",
              "default": true
            },
            {
              "name": "debug",
              "path": "/nix/store/bihfh3k64l5hd8v08052q0h6skzdn76y-cmake-3.30.5-debug"
            }
          ],
          "store_path": "/nix/store/cgw86xcgai718dlql36z7jvp1pwq610c-cmake-3.30.5"
        },
        "x86_64-darwin": {
          "outputs": [
            {
              "name": "out",
              "path": "/nix/store/6fxjmcjgfz338702p9ps26r0s1bakqbk-cmake-3.30.5",
              "default": true
            }
          ],
          "store_path": "/nix/store/6fxjmcjgfz338702p9ps26r0s1bakqbk-cmake-3.30.5"
        },
        "x86_64-linux": {
          "outputs": [
            {
              "name": "out",
              "path": "/nix/store/38cffsqqx823crf1i4bcf6zz1qz1hgpd-cmake-3.30.5",
              "default": true
            },
            {
              "name": "debug",
              "path": "/nix/store/h0ldr2hbqcb37hdkmh8cdyljrqwrc1ms-cmake-3.30.5-debug"
            }
          ],
          "store_path": "/nix/store/38cffsqqx823crf1i4bcf6zz1qz1hgpd-cmake-3.30.5"
        }
      }
    },
    "github:NixOS/nixpkgs/nixpkgs-unstable": {
      "last_modified": "2026-05-25T07:42:19Z",
      "resolved": "github:NixOS/nixpkgs/f9d8b65950353691ab56561e7c73d2e1063d810b?lastModified=1779694939"
    },
    "ninja@1.12.1": {
      "last_modified": "2025-07-28T17:09:23Z",
      "resolved": "github:NixOS/nixpkgs/648f70160c03151bc2121d179291337ad6bc564b#ninja",
      "source": "devbox-search",
      "version": "1.12.1",
      "systems": {
        "aarch64-darwin": {
          "outputs": [
            {
              "name": "out",
              "path": "/nix/store/q88p49nwpkf9hcza6bnla9z2dzcna9xm-ninja-1.12.1",
              "default": true
            }
          ],
          "store_path": "/nix/store/q88p49nwpkf9hcza6bnla9z2dzcna9xm-ninja-1.12.1"
        },
        "aarch64-linux": {
          "outputs": [
            {
              "name": "out",
              "path": "/nix/store/zga518bmrp5lmnvqqq3yv3d795jizd1a-ninja-1.12.1",
              "default": true
            }
          ],
          "store_path": "/nix/store/zga518bmrp5lmnvqqq3yv3d795jizd1a-ninja-1.12.1"
        },
        "x86_64-darwin": {
          "outputs": [
            {
              "name": "out",
              "path": "/nix/store/vk5f18mvzci1n6g9g2bb4qrws5vqx9lg-ninja-1.12.1",
              "default": true
            }
          ],
          "store_path": "/nix/store/vk5f18mvzci1n6g9g2bb4qrws5vqx9lg-ninja-1.12.1"
        },
        "x86_64-linux": {
          "outputs": [
            {
              "name": "out",
              "path": "/nix/store/wws3zb9sa7b21msrwh0b2018pl7bpsw6-ninja-1.12.1",
              "default": true
            }
          ],
          "store_path": "/nix/store/wws3zb9sa7b21msrwh0b2018pl7bpsw6-ninja-1.12.1"
        }
      }
    },
    "pkg-config@0.29.2": {
      "last_modified": "2025-11-23T21:50:36Z",
      "resolved": "github:NixOS/nixpkgs/ee09932cedcef15aaf476f9343d1dea2cb77e261#pkg-config",
      "source": "devbox-search",
      "version": "0.29.2",
      "systems": {
        "aarch64-darwin": {
          "outputs": [
            {
              "name": "out",
              "path": "/nix/store/hygaaqwk9ylklp0ybwppqhw75nz8ya41-pkg-config-wrapper-0.29.2",
              "default": true
            },
            {
              "name": "man",
              "path": "/nix/store/9px0sji43x3r2w4zxl3j3idwsql7lwxx-pkg-config-wrapper-0.29.2-man",
              "default": true
            },
            {
              "name": "doc",
              "path": "/nix/store/hqk44ra6qxw7iixardl6c3hdgb9kq6ns-pkg-config-wrapper-0.29.2-doc"
            }
          ],
          "store_path": "/nix/store/hygaaqwk9ylklp0ybwppqhw75nz8ya41-pkg-config-wrapper-0.29.2"
        },
        "aarch64-linux": {
          "outputs": [
            {
              "name": "out",
              "path": "/nix/store/lbiigi8qbp7mzf1lpr7p982l1kyf01ql-pkg-config-wrapper-0.29.2",
              "default": true
            },
            {
              "name": "man",
              "path": "/nix/store/10060k24qggqyzlwdsfmni9y32zxcg0j-pkg-config-wrapper-0.29.2-man",
              "default": true
            },
            {
              "name": "doc",
              "path": "/nix/store/0y4v51ndpyvkj09hwlfqkz0c3h17zfmc-pkg-config-wrapper-0.29.2-doc"
            }
          ],
          "store_path": "/nix/store/lbiigi8qbp7mzf1lpr7p982l1kyf01ql-pkg-config-wrapper-0.29.2"
        },
        "x86_64-darwin": {
          "outputs": [
            {
              "name": "out",
              "path": "/nix/store/vknadizq0q5kffvx6y4379p9gdry9zq3-pkg-config-wrapper-0.29.2",
              "default": true
            },
            {
              "name": "man",
              "path": "/nix/store/1nyspra675q22gfhf7hn2nmfpi6rgim5-pkg-config-wrapper-0.29.2-man",
              "default": true
            },
            {
              "name": "doc",
              "path": "/nix/store/7lq1axxwrafwljs06n88bzyz9w523rkc-pkg-config-wrapper-0.29.2-doc"
            }
          ],
          "store_path": "/nix/store/vknadizq0q5kffvx6y4379p9gdry9zq3-pkg-config-wrapper-0.29.2"
        },
        "x86_64-linux": {
          "outputs": [
            {
              "name": "out",
              "path": "/nix/store/8vdiwpbh0g4avsd6x5v4s0di32vcl3dp-pkg-config-wrapper-0.29.2",
              "default": true
            },
            {
              "name": "man",
              "path": "/nix/store/j9xfpnrygg3v37svc5pfin9q5bm49r94-pkg-config-wrapper-0.29.2-man",
              "default": true
            },
            {
              "name": "doc",
              "path": "/nix/store/x3bypxdxaq20kykybhkf21x4jczsiy8y-pkg-config-wrapper-0.29.2-doc"
            }
          ],
          "store_path": "/nix/store/8vdiwpbh0g4avsd6x5v4s0di32vcl3dp-pkg-config-wrapper-0.29.2"
        }
      }
    },
    "python311@3.11.11": {
      "last_modified": "2025-04-17T05:47:26Z",
      "plugin_version": "0.0.4",
      "resolved": "github:NixOS/nixpkgs/ebe4301cbd8f81c4f8d3244b3632338bbeb6d49c#python311",
      "source": "devbox-search",
      "version": "3.11.11",
      "systems": {
        "aarch64-darwin": {
          "outputs": [
            {
              "name": "out",
              "path": "/nix/store/6z237c6z1b7prrb2g8dsaqd46f5h8nnl-python3-3.11.11",
              "default": true
            }
          ],
          "store_path": "/nix/store/6z237c6z1b7prrb2g8dsaqd46f5h8nnl-python3-3.11.11"
        },
        "aarch64-linux": {
          "outputs": [
            {
              "name": "out",
              "path": "/nix/store/slfbdsz7yk9pi02jb9y25kg0m360pvrj-python3-3.11.11",
              "default": true
            },
            {
              "name": "debug",
              "path": "/nix/store/pz0ginnmahapc7qkp014zhp31536fikq-python3-3.11.11-debug"
            }
          ],
          "store_path": "/nix/store/slfbdsz7yk9pi02jb9y25kg0m360pvrj-python3-3.11.11"
        },
        "x86_64-darwin": {
          "outputs": [
            {
              "name": "out",
              "path": "/nix/store/cdvm2j4ygvckkh1psbaj31nim06wz7jd-python3-3.11.11",
              "default": true
            }
          ],
          "store_path": "/nix/store/cdvm2j4ygvckkh1psbaj31nim06wz7jd-python3-3.11.11"
        },
        "x86_64-linux": {
          "outputs": [
            {
              "name": "out",
              "path": "/nix/store/ibz5rabb9z7hl5vy4w57q8dil5fqysjm-python3-3.11.11",
              "default": true
            },
            {
              "name": "debug",
              "path": "/nix/store/axc02yqbywq6wyl4x3dld8dpzjq68vpg-python3-3.11.11-debug"
            }
          ],
          "store_path": "/nix/store/ibz5rabb9z7hl5vy4w57q8dil5fqysjm-python3-3.11.11"
        }
      }
    }
  }
}
